
Microsoft Visual Studio Solution File, Format Version 12.00
# Visual Studio 14
VisualStudioVersion = 14.0.23107.0
MinimumVisualStudioVersion = 10.0.40219.1
Project("{FAE04EC0-301F-11D3-BF4B-00C04F79EFBC}") = "MrgalskiTwitchIrc", "TwitchIRC\MrgalskiTwitchIrc.csproj", "{AF9044F4-450F-4660-B173-2F3E97188E82}"
EndProject
Project("{FAE04EC0-301F-11D3-BF4B-00C04F79EFBC}") = "TwitchChatGame", "ConsoleApplication1\TwitchChatGame.csproj", "{18E3EA12-24D7-4A72-986E-9C6EB28EAA31}"
EndProject
Global
	GlobalSection(SolutionConfigurationPlatforms) = preSolution
		Debug|Any CPU = Debug|Any CPU
		Release|Any CPU = Release|Any CPU
	EndGlobalSection
	GlobalSection(ProjectConfigurationPlatforms) = postSolution
		{AF9044F4-450F-4660-B173-2F3E97188E82}.Debug|Any CPU.ActiveCfg = Debug|Any CPU
		{AF9044F4-450F-4660-B173-2F3E97188E82}.Debug|Any CPU.Build.0 = Debug|Any CPU
		{AF9044F4-450F-4660-B173-2F3E97188E82}.Release|Any CPU.ActiveCfg = Release|Any CPU
		{AF9044F4-450F-4660-B173-2F3E97188E82}.Release|Any CPU.Build.0 = Release|Any CPU
		{18E3EA12-24D7-4A72-986E-9C6EB28EAA31}.Debug|Any CPU.ActiveCfg = Debug|Any CPU
		{18E3EA12-24D7-4A72-986E-9C6EB28EAA31}.Debug|Any CPU.Build.0 = Debug|Any CPU
		{18E3EA12-24D7-4A72-986E-9C6EB28EAA31}.Release|Any CPU.ActiveCfg = Release|Any CPU
		{18E3EA12-24D7-4A72-986E-9C6EB28EAA31}.Release|Any CPU.Build.0 = Release|Any CPU
	EndGlobalSection
	GlobalSection(SolutionProperties) = preSolution
		HideSolutionNode = FALSE
	EndGlobalSection
EndGlobal
